
Microsoft Visual Studio Solution File, Format Version 12.00
# Visual Studio Version 17
VisualStudioVersion = 17.6.33801.468
MinimumVisualStudioVersion = 10.0.40219.1
Project("{9A19103F-16F7-4668-BE54-9A1E7A4F7556}") = "Crud", "Crud\Crud.csproj", "{55B9D1E9-3041-4C0D-AC0F-597DF64A6AE9}"
EndProject
Project("{2150E333-8FDC-42A3-9474-1A3956D46DE8}") = "Solution Items", "Solution Items", "{938B9289-40CF-43B8-BE5A-A1DD68263D1C}"
	ProjectSection(SolutionItems) = preProject
		.editorconfig = .editorconfig
	EndProjectSection
EndProject
Project("{54A90642-561A-4BB1-A94E-469ADEE60C69}") = "Crud.WEB", "Crud.WEB\Crud.WEB.esproj", "{55B7E3EC-4606-4F6B-B68B-F8422BF4C762}"
EndProject
Global
	GlobalSection(SolutionConfigurationPlatforms) = preSolution
		Debug|Any CPU = Debug|Any CPU
		Release|Any CPU = Release|Any CPU
	EndGlobalSection
	GlobalSection(ProjectConfigurationPlatforms) = postSolution
		{55B9D1E9-3041-4C0D-AC0F-597DF64A6AE9}.Debug|Any CPU.ActiveCfg = Debug|Any CPU
		{55B9D1E9-3041-4C0D-AC0F-597DF64A6AE9}.Debug|Any CPU.Build.0 = Debug|Any CPU
		{55B9D1E9-3041-4C0D-AC0F-597DF64A6AE9}.Release|Any CPU.ActiveCfg = Release|Any CPU
		{55B9D1E9-3041-4C0D-AC0F-597DF64A6AE9}.Release|Any CPU.Build.0 = Release|Any CPU
		{55B7E3EC-4606-4F6B-B68B-F8422BF4C762}.Debug|Any CPU.ActiveCfg = Debug|Any CPU
		{55B7E3EC-4606-4F6B-B68B-F8422BF4C762}.Debug|Any CPU.Build.0 = Debug|Any CPU
		{55B7E3EC-4606-4F6B-B68B-F8422BF4C762}.Debug|Any CPU.Deploy.0 = Debug|Any CPU
		{55B7E3EC-4606-4F6B-B68B-F8422BF4C762}.Release|Any CPU.ActiveCfg = Release|Any CPU
		{55B7E3EC-4606-4F6B-B68B-F8422BF4C762}.Release|Any CPU.Build.0 = Release|Any CPU
		{55B7E3EC-4606-4F6B-B68B-F8422BF4C762}.Release|Any CPU.Deploy.0 = Release|Any CPU
	EndGlobalSection
	GlobalSection(SolutionProperties) = preSolution
		HideSolutionNode = FALSE
	EndGlobalSection
	GlobalSection(ExtensibilityGlobals) = postSolution
		SolutionGuid = {BDC428AA-E714-46FE-A829-E36C9811C035}
	EndGlobalSection
EndGlobal
